
Microsoft Visual Studio Solution File, Format Version 12.00
# Visual Studio Version 17
VisualStudioVersion = 17.13.35931.197
MinimumVisualStudioVersion = 10.0.40219.1
Project("{FAE04EC0-301F-11D3-BF4B-00C04F79EFBC}") = "Lexicon-Slutuppgift", "Lexicon - Slutuppgift\Lexicon-Slutuppgift.csproj", "{EE4DB472-B677-4330-B501-8FD3DA98C942}"
EndProject
Global
	GlobalSection(SolutionConfigurationPlatforms) = preSolution
		Debug|Any CPU = Debug|Any CPU
		Release|Any CPU = Release|Any CPU
	EndGlobalSection
	GlobalSection(ProjectConfigurationPlatforms) = postSolution
		{EE4DB472-B677-4330-B501-8FD3DA98C942}.Debug|Any CPU.ActiveCfg = Debug|Any CPU
		{EE4DB472-B677-4330-B501-8FD3DA98C942}.Debug|Any CPU.Build.0 = Debug|Any CPU
		{EE4DB472-B677-4330-B501-8FD3DA98C942}.Release|Any CPU.ActiveCfg = Release|Any CPU
		{EE4DB472-B677-4330-B501-8FD3DA98C942}.Release|Any CPU.Build.0 = Release|Any CPU
	EndGlobalSection
	GlobalSection(SolutionProperties) = preSolution
		HideSolutionNode = FALSE
	EndGlobalSection
	GlobalSection(ExtensibilityGlobals) = postSolution
		SolutionGuid = {4355F08F-9CEF-4C6F-81BF-811849C562A4}
	EndGlobalSection
EndGlobal
