
Microsoft Visual Studio Solution File, Format Version 12.00
# Visual Studio Version 17
VisualStudioVersion = 17.13.35931.197
MinimumVisualStudioVersion = 10.0.40219.1
Project("{FAE04EC0-301F-11D3-BF4B-00C04F79EFBC}") = "Lexicon-Slutuppgift", "Lexicon - Slutuppgift\Lexicon-Slutuppgift.csproj", "{EE4DB472-B677-4330-B501-8FD3DA98C942}"
	ProjectSection(ProjectDependencies) = postProject
		{BBB147EA-59CC-407E-8744-24B5E3EC4BA7} = {BBB147EA-59CC-407E-8744-24B5E3EC4BA7}
	EndProjectSection
EndProject
Project("{FAE04EC0-301F-11D3-BF4B-00C04F79EFBC}") = "Slutuppgift.Tests", "Slutuppgift.Tests\Slutuppgift.Tests.csproj", "{C56C421F-8FAF-412C-9F03-1BADE468CB09}"
	ProjectSection(ProjectDependencies) = postProject
		{519E9C43-6D28-4C9F-A2DC-64CEC8030C38} = {519E9C43-6D28-4C9F-A2DC-64CEC8030C38}
		{EE4DB472-B677-4330-B501-8FD3DA98C942} = {EE4DB472-B677-4330-B501-8FD3DA98C942}
	EndProjectSection
EndProject
Project("{FAE04EC0-301F-11D3-BF4B-00C04F79EFBC}") = "Slutuppgift.Utils", "Slutuppgift.Utils\Slutuppgift.Utils.csproj", "{BBB147EA-59CC-407E-8744-24B5E3EC4BA7}"
EndProject
Project("{FAE04EC0-301F-11D3-BF4B-00C04F79EFBC}") = "Lexicon-Slutuppgift.Core", "Lexicon-Slutuppgift.Core\Lexicon-Slutuppgift.Core.csproj", "{519E9C43-6D28-4C9F-A2DC-64CEC8030C38}"
EndProject
Global
	GlobalSection(SolutionConfigurationPlatforms) = preSolution
		Debug|Any CPU = Debug|Any CPU
		Release|Any CPU = Release|Any CPU
	EndGlobalSection
	GlobalSection(ProjectConfigurationPlatforms) = postSolution
		{EE4DB472-B677-4330-B501-8FD3DA98C942}.Debug|Any CPU.ActiveCfg = Debug|Any CPU
		{EE4DB472-B677-4330-B501-8FD3DA98C942}.Debug|Any CPU.Build.0 = Debug|Any CPU
		{EE4DB472-B677-4330-B501-8FD3DA98C942}.Release|Any CPU.ActiveCfg = Release|Any CPU
		{EE4DB472-B677-4330-B501-8FD3DA98C942}.Release|Any CPU.Build.0 = Release|Any CPU
		{C56C421F-8FAF-412C-9F03-1BADE468CB09}.Debug|Any CPU.ActiveCfg = Debug|Any CPU
		{C56C421F-8FAF-412C-9F03-1BADE468CB09}.Debug|Any CPU.Build.0 = Debug|Any CPU
		{C56C421F-8FAF-412C-9F03-1BADE468CB09}.Release|Any CPU.ActiveCfg = Release|Any CPU
		{C56C421F-8FAF-412C-9F03-1BADE468CB09}.Release|Any CPU.Build.0 = Release|Any CPU
		{BBB147EA-59CC-407E-8744-24B5E3EC4BA7}.Debug|Any CPU.ActiveCfg = Debug|Any CPU
		{BBB147EA-59CC-407E-8744-24B5E3EC4BA7}.Debug|Any CPU.Build.0 = Debug|Any CPU
		{BBB147EA-59CC-407E-8744-24B5E3EC4BA7}.Release|Any CPU.ActiveCfg = Release|Any CPU
		{BBB147EA-59CC-407E-8744-24B5E3EC4BA7}.Release|Any CPU.Build.0 = Release|Any CPU
		{519E9C43-6D28-4C9F-A2DC-64CEC8030C38}.Debug|Any CPU.ActiveCfg = Debug|Any CPU
		{519E9C43-6D28-4C9F-A2DC-64CEC8030C38}.Debug|Any CPU.Build.0 = Debug|Any CPU
		{519E9C43-6D28-4C9F-A2DC-64CEC8030C38}.Release|Any CPU.ActiveCfg = Release|Any CPU
		{519E9C43-6D28-4C9F-A2DC-64CEC8030C38}.Release|Any CPU.Build.0 = Release|Any CPU
	EndGlobalSection
	GlobalSection(SolutionProperties) = preSolution
		HideSolutionNode = FALSE
	EndGlobalSection
	GlobalSection(ExtensibilityGlobals) = postSolution
		SolutionGuid = {4355F08F-9CEF-4C6F-81BF-811849C562A4}
	EndGlobalSection
EndGlobal
